# THIS IS AN AUTOGENERATED FILE. DO NOT EDIT THIS FILE DIRECTLY.
# yarn lockfile v1


"@types/body-parser@*":
  version "1.19.0"
  resolved "https://registry.nlark.com/@types/body-parser/download/@types/body-parser-1.19.0.tgz?cache=0&sync_timestamp=1621240707727&other_urls=https%3A%2F%2Fregistry.nlark.com%2F%40types%2Fbody-parser%2Fdownload%2F%40types%2Fbody-parser-1.19.0.tgz#0685b3c47eb3006ffed117cdd55164b61f80538f"
  integrity sha1-BoWzxH6zAG/+0RfN1VFkth+AU48=
  dependencies:
    "@types/connect" "*"
    "@types/node" "*"

"@types/bson@*":
  version "4.0.3"
  resolved "https://registry.nlark.com/@types/bson/download/@types/bson-4.0.3.tgz?cache=0&sync_timestamp=1621240731917&other_urls=https%3A%2F%2Fregistry.nlark.com%2F%40types%2Fbson%2Fdownload%2F%40types%2Fbson-4.0.3.tgz#30889d2ffde6262abbe38659364c631454999fbf"
  integrity sha1-MIidL/3mJiq744ZZNkxjFFSZn78=
  dependencies:
    "@types/node" "*"

"@types/connect-mongo@^3.1.3":
  version "3.1.3"
  resolved "https://registry.nlark.com/@types/connect-mongo/download/@types/connect-mongo-3.1.3.tgz#4ff124a30e530dd2dae4725cfd28ca0b9badbfd1"
  integrity sha1-T/Ekow5TDdLa5HJc/SjKC5utv9E=
  dependencies:
    connect-mongo "*"

"@types/connect@*":
  version "3.4.34"
  resolved "https://registry.nlark.com/@types/connect/download/@types/connect-3.4.34.tgz?cache=0&sync_timestamp=1621240728121&other_urls=https%3A%2F%2Fregistry.nlark.com%2F%40types%2Fconnect%2Fdownload%2F%40types%2Fconnect-3.4.34.tgz#170a40223a6d666006d93ca128af2beb1d9b1901"
  integrity sha1-FwpAIjptZmAG2TyhKK8r6x2bGQE=
  dependencies:
    "@types/node" "*"

"@types/express-serve-static-core@^4.17.18":
  version "4.17.22"
  resolved "https://registry.nlark.com/@types/express-serve-static-core/download/@types/express-serve-static-core-4.17.22.tgz#e011c55de3f17ddf1161f790042a15c5a218744d"
  integrity sha1-4BHFXePxfd8RYfeQBCoVxaIYdE0=
  dependencies:
    "@types/node" "*"
    "@types/qs" "*"
    "@types/range-parser" "*"

"@types/express-session@1.17.3":
  version "1.17.3"
  resolved "https://registry.nlark.com/@types/express-session/download/@types/express-session-1.17.3.tgz#4a37c5c4428b8f922ac8ac1cb4bd9190a4d2b097"
  integrity sha1-SjfFxEKLj5IqyKwctL2RkKTSsJc=
  dependencies:
    "@types/express" "*"

"@types/express@*":
  version "4.17.12"
  resolved "https://registry.nlark.com/@types/express/download/@types/express-4.17.12.tgz?cache=0&sync_timestamp=1621962166997&other_urls=https%3A%2F%2Fregistry.nlark.com%2F%40types%2Fexpress%2Fdownload%2F%40types%2Fexpress-4.17.12.tgz#4bc1bf3cd0cfe6d3f6f2853648b40db7d54de350"
  integrity sha1-S8G/PNDP5tP28oU2SLQNt9VN41A=
  dependencies:
    "@types/body-parser" "*"
    "@types/express-serve-static-core" "^4.17.18"
    "@types/qs" "*"
    "@types/serve-static" "*"

"@types/mime@^1":
  version "1.3.2"
  resolved "https://registry.nlark.com/@types/mime/download/@types/mime-1.3.2.tgz#93e25bf9ee75fe0fd80b594bc4feb0e862111b5a"
  integrity sha1-k+Jb+e51/g/YC1lLxP6w6GIRG1o=

"@types/mongodb@3.6.19":
  version "3.6.19"
  resolved "https://registry.nlark.com/@types/mongodb/download/@types/mongodb-3.6.19.tgz#4666c1727d3460910b0966d5cc21eae19d1473f5"
  integrity sha1-RmbBcn00YJELCWbVzCHq4Z0Uc/U=
  dependencies:
    "@types/bson" "*"
    "@types/node" "*"

"@types/node@*":
  version "16.0.0"
  resolved "https://registry.nlark.com/@types/node/download/@types/node-16.0.0.tgz#067a6c49dc7a5c2412a505628e26902ae967bf6f"
  integrity sha1-BnpsSdx6XCQSpQVijiaQKulnv28=

"@types/node@10":
  version "10.17.60"
  resolved "https://registry.nlark.com/@types/node/download/@types/node-10.17.60.tgz#35f3d6213daed95da7f0f73e75bcc6980e90597b"
  integrity sha1-NfPWIT2u2V2n8Pc+dbzGmA6QWXs=

"@types/qs@*":
  version "6.9.6"
  resolved "https://registry.nlark.com/@types/qs/download/@types/qs-6.9.6.tgz?cache=0&sync_timestamp=1621242292262&other_urls=https%3A%2F%2Fregistry.nlark.com%2F%40types%2Fqs%2Fdownload%2F%40types%2Fqs-6.9.6.tgz#df9c3c8b31a247ec315e6996566be3171df4b3b1"
  integrity sha1-35w8izGiR+wxXmmWVmvjFx30s7E=

"@types/range-parser@*":
  version "1.2.3"
  resolved "https://registry.nlark.com/@types/range-parser/download/@types/range-parser-1.2.3.tgz?cache=0&sync_timestamp=1621242291785&other_urls=https%3A%2F%2Fregistry.nlark.com%2F%40types%2Frange-parser%2Fdownload%2F%40types%2Frange-parser-1.2.3.tgz#7ee330ba7caafb98090bece86a5ee44115904c2c"
  integrity sha1-fuMwunyq+5gJC+zoal7kQRWQTCw=

"@types/serve-static@*":
  version "1.13.9"
  resolved "https://registry.nlark.com/@types/serve-static/download/@types/serve-static-1.13.9.tgz?cache=0&sync_timestamp=1621242704905&other_urls=https%3A%2F%2Fregistry.nlark.com%2F%40types%2Fserve-static%2Fdownload%2F%40types%2Fserve-static-1.13.9.tgz#aacf28a85a05ee29a11fb7c3ead935ac56f33e4e"
  integrity sha1-qs8oqFoF7imhH7fD6tk1rFbzPk4=
  dependencies:
    "@types/mime" "^1"
    "@types/node" "*"

asn1.js@^5.4.1:
  version "5.4.1"
  resolved "https://registry.npm.taobao.org/asn1.js/download/asn1.js-5.4.1.tgz#11a980b84ebb91781ce35b0fdc2ee294e3783f07"
  integrity sha1-EamAuE67kXgc41sP3C7ilON4Pwc=
  dependencies:
    bn.js "^4.0.0"
    inherits "^2.0.1"
    minimalistic-assert "^1.0.0"
    safer-buffer "^2.1.0"

bl@^2.2.1:
  version "2.2.1"
  resolved "https://registry.npm.taobao.org/bl/download/bl-2.2.1.tgz?cache=0&sync_timestamp=1617381871311&other_urls=https%3A%2F%2Fregistry.npm.taobao.org%2Fbl%2Fdownload%2Fbl-2.2.1.tgz#8c11a7b730655c5d56898cdc871224f40fd901d5"
  integrity sha1-jBGntzBlXF1WiYzchxIk9A/ZAdU=
  dependencies:
    readable-stream "^2.3.5"
    safe-buffer "^5.1.1"

bn.js@^4.0.0:
  version "4.12.0"
  resolved "https://registry.npm.taobao.org/bn.js/download/bn.js-4.12.0.tgz#775b3f278efbb9718eec7361f483fb36fbbfea88"
  integrity sha1-d1s/J477uXGO7HNh9IP7Nvu/6og=

bson@^1.1.4:
  version "1.1.6"
  resolved "https://registry.nlark.com/bson/download/bson-1.1.6.tgz#fb819be9a60cd677e0853aee4ca712a785d6618a"
  integrity sha1-+4Gb6aYM1nfghTruTKcSp4XWYYo=

connect-mongo@*:
  version "4.4.1"
  resolved "https://registry.npm.taobao.org/connect-mongo/download/connect-mongo-4.4.1.tgz#b817f97940539b46c9116e92cf2f344c120fae7d"
  integrity sha1-uBf5eUBTm0bJEW6Szy80TBIPrn0=
  dependencies:
    debug "^4.3.1"
    kruptein "^3.0.0"
    mongodb "3.6.5"

core-util-is@~1.0.0:
  version "1.0.2"
  resolved "https://registry.npm.taobao.org/core-util-is/download/core-util-is-1.0.2.tgz#b5fd54220aa2bc5ab57aab7140c940754503c1a7"
  integrity sha1-tf1UIgqivFq1eqtxQMlAdUUDwac=

debug@^4.3.1:
  version "4.3.2"
  resolved "https://registry.nlark.com/debug/download/debug-4.3.2.tgz?cache=0&sync_timestamp=1625374675284&other_urls=https%3A%2F%2Fregistry.nlark.com%2Fdebug%2Fdownload%2Fdebug-4.3.2.tgz#f0a49c18ac8779e31d4a0c6029dfb76873c7428b"
  integrity sha1-8KScGKyHeeMdSgxgKd+3aHPHQos=
  dependencies:
    ms "2.1.2"

denque@^1.4.1:
  version "1.5.0"
  resolved "https://registry.npm.taobao.org/denque/download/denque-1.5.0.tgz#773de0686ff2d8ec2ff92914316a47b73b1c73de"
  integrity sha1-dz3gaG/y2Owv+SkUMWpHtzscc94=

inherits@^2.0.1, inherits@~2.0.3:
  version "2.0.4"
  resolved "https://registry.npm.taobao.org/inherits/download/inherits-2.0.4.tgz#0fa2c64f932917c3433a0ded55363aae37416b7c"
  integrity sha1-D6LGT5MpF8NDOg3tVTY6rjdBa3w=

isarray@~1.0.0:
  version "1.0.0"
  resolved "https://registry.npm.taobao.org/isarray/download/isarray-1.0.0.tgz#bb935d48582cba168c06834957a54a3e07124f11"
  integrity sha1-u5NdSFgsuhaMBoNJV6VKPgcSTxE=

kruptein@^3.0.0:
  version "3.0.0"
  resolved "https://registry.npm.taobao.org/kruptein/download/kruptein-3.0.0.tgz#9a7960248c9758f1e75522d2b87b8388bd40874f"
  integrity sha1-mnlgJIyXWPHnVSLSuHuDiL1Ah08=
  dependencies:
    asn1.js "^5.4.1"

memory-pager@^1.0.2:
  version "1.5.0"
  resolved "https://registry.npm.taobao.org/memory-pager/download/memory-pager-1.5.0.tgz#d8751655d22d384682741c972f2c3d6dfa3e66b5"
  integrity sha1-2HUWVdItOEaCdByXLyw9bfo+ZrU=

minimalistic-assert@^1.0.0:
  version "1.0.1"
  resolved "https://registry.npm.taobao.org/minimalistic-assert/download/minimalistic-assert-1.0.1.tgz#2e194de044626d4a10e7f7fbc00ce73e83e4d5c7"
  integrity sha1-LhlN4ERibUoQ5/f7wAznPoPk1cc=

moment@^2.29.1:
  version "2.29.1"
  resolved "https://registry.npm.taobao.org/moment/download/moment-2.29.1.tgz#b2be769fa31940be9eeea6469c075e35006fa3d3"
  integrity sha1-sr52n6MZQL6e7qZGnAdeNQBvo9M=

mongodb@3.6.5:
  version "3.6.5"
  resolved "https://registry.nlark.com/mongodb/download/mongodb-3.6.5.tgz#c27d786fd4d3c83dc19302483707d12a9d2aee5f"
  integrity sha1-wn14b9TTyD3BkwJINwfRKp0q7l8=
  dependencies:
    bl "^2.2.1"
    bson "^1.1.4"
    denque "^1.4.1"
    require_optional "^1.0.1"
    safe-buffer "^5.1.2"
  optionalDependencies:
    saslprep "^1.0.0"

ms@2.1.2:
  version "2.1.2"
  resolved "https://registry.npm.taobao.org/ms/download/ms-2.1.2.tgz?cache=0&other_urls=https%3A%2F%2Fregistry.npm.taobao.org%2Fms%2Fdownload%2Fms-2.1.2.tgz#d09d1f357b443f493382a8eb3ccd183872ae6009"
  integrity sha1-0J0fNXtEP0kzgqjrPM0YOHKuYAk=

process-nextick-args@~2.0.0:
  version "2.0.1"
  resolved "https://registry.npm.taobao.org/process-nextick-args/download/process-nextick-args-2.0.1.tgz#7820d9b16120cc55ca9ae7792680ae7dba6d7fe2"
  integrity sha1-eCDZsWEgzFXKmud5JoCufbptf+I=

readable-stream@^2.3.5:
  version "2.3.7"
  resolved "https://registry.npm.taobao.org/readable-stream/download/readable-stream-2.3.7.tgz#1eca1cf711aef814c04f62252a36a62f6cb23b57"
  integrity sha1-Hsoc9xGu+BTAT2IlKjamL2yyO1c=
  dependencies:
    core-util-is "~1.0.0"
    inherits "~2.0.3"
    isarray "~1.0.0"
    process-nextick-args "~2.0.0"
    safe-buffer "~5.1.1"
    string_decoder "~1.1.1"
    util-deprecate "~1.0.1"

require_optional@^1.0.1:
  version "1.0.1"
  resolved "https://registry.npm.taobao.org/require_optional/download/require_optional-1.0.1.tgz#4cf35a4247f64ca3df8c2ef208cc494b1ca8fc2e"
  integrity sha1-TPNaQkf2TKPfjC7yCMxJSxyo/C4=
  dependencies:
    resolve-from "^2.0.0"
    semver "^5.1.0"

resolve-from@^2.0.0:
  version "2.0.0"
  resolved "https://registry.npm.taobao.org/resolve-from/download/resolve-from-2.0.0.tgz#9480ab20e94ffa1d9e80a804c7ea147611966b57"
  integrity sha1-lICrIOlP+h2egKgEx+oUdhGWa1c=

safe-buffer@^5.1.1, safe-buffer@^5.1.2:
  version "5.2.1"
  resolved "https://registry.npm.taobao.org/safe-buffer/download/safe-buffer-5.2.1.tgz#1eaf9fa9bdb1fdd4ec75f58f9cdb4e6b7827eec6"
  integrity sha1-Hq+fqb2x/dTsdfWPnNtOa3gn7sY=

safe-buffer@~5.1.0, safe-buffer@~5.1.1:
  version "5.1.2"
  resolved "https://registry.npm.taobao.org/safe-buffer/download/safe-buffer-5.1.2.tgz#991ec69d296e0313747d59bdfd2b745c35f8828d"
  integrity sha1-mR7GnSluAxN0fVm9/St0XDX4go0=

safer-buffer@^2.1.0:
  version "2.1.2"
  resolved "https://registry.npm.taobao.org/safer-buffer/download/safer-buffer-2.1.2.tgz#44fa161b0187b9549dd84bb91802f9bd8385cd6a"
  integrity sha1-RPoWGwGHuVSd2Eu5GAL5vYOFzWo=

saslprep@^1.0.0:
  version "1.0.3"
  resolved "https://registry.npm.taobao.org/saslprep/download/saslprep-1.0.3.tgz#4c02f946b56cf54297e347ba1093e7acac4cf226"
  integrity sha1-TAL5RrVs9UKX40e6EJPnrKxM8iY=
  dependencies:
    sparse-bitfield "^3.0.3"

semver@^5.1.0:
  version "5.7.1"
  resolved "https://registry.npm.taobao.org/semver/download/semver-5.7.1.tgz?cache=0&sync_timestamp=1616463641178&other_urls=https%3A%2F%2Fregistry.npm.taobao.org%2Fsemver%2Fdownload%2Fsemver-5.7.1.tgz#a954f931aeba508d307bbf069eff0c01c96116f7"
  integrity sha1-qVT5Ma66UI0we78Gnv8MAclhFvc=

sparse-bitfield@^3.0.3:
  version "3.0.3"
  resolved "https://registry.npm.taobao.org/sparse-bitfield/download/sparse-bitfield-3.0.3.tgz#ff4ae6e68656056ba4b3e792ab3334d38273ca11"
  integrity sha1-/0rm5oZWBWuks+eSqzM004JzyhE=
  dependencies:
    memory-pager "^1.0.2"

string_decoder@~1.1.1:
  version "1.1.1"
  resolved "https://registry.npm.taobao.org/string_decoder/download/string_decoder-1.1.1.tgz#9cf1611ba62685d7030ae9e4ba34149c3af03fc8"
  integrity sha1-nPFhG6YmhdcDCunkujQUnDrwP8g=
  dependencies:
    safe-buffer "~5.1.0"

typescript@^4.3.5:
  version "4.3.5"
  resolved "https://registry.nlark.com/typescript/download/typescript-4.3.5.tgz?cache=0&other_urls=https%3A%2F%2Fregistry.nlark.com%2Ftypescript%2Fdownload%2Ftypescript-4.3.5.tgz#4d1c37cc16e893973c45a06886b7113234f119f4"
  integrity sha1-TRw3zBbok5c8RaBohrcRMjTxGfQ=

util-deprecate@~1.0.1:
  version "1.0.2"
  resolved "https://registry.npm.taobao.org/util-deprecate/download/util-deprecate-1.0.2.tgz#450d4dc9fa70de732762fbd2d4a28981419a0ccf"
  integrity sha1-RQ1Nyfpw3nMnYvvS1KKJgUGaDM8=
